
Microsoft Visual Studio Solution File, Format Version 12.00
# Visual Studio 15
VisualStudioVersion = 15.0.26430.14
MinimumVisualStudioVersion = 10.0.40219.1
Project("{8BC9CEB8-8B4A-11D0-8D11-00A0C91BC942}") = "NtpCli", "NtpCli\NtpCli.vcxproj", "{66E1EC45-E3B3-420E-97CE-DEEB700C9A2E}"
EndProject
Global
	GlobalSection(SolutionConfigurationPlatforms) = preSolution
		Debug|x64 = Debug|x64
		Debug|x86 = Debug|x86
		Release|x64 = Release|x64
		Release|x86 = Release|x86
	EndGlobalSection
	GlobalSection(ProjectConfigurationPlatforms) = postSolution
		{66E1EC45-E3B3-420E-97CE-DEEB700C9A2E}.Debug|x64.ActiveCfg = Debug|x64
		{66E1EC45-E3B3-420E-97CE-DEEB700C9A2E}.Debug|x64.Build.0 = Debug|x64
		{66E1EC45-E3B3-420E-97CE-DEEB700C9A2E}.Debug|x86.ActiveCfg = Debug|Win32
		{66E1EC45-E3B3-420E-97CE-DEEB700C9A2E}.Debug|x86.Build.0 = Debug|Win32
		{66E1EC45-E3B3-420E-97CE-DEEB700C9A2E}.Release|x64.ActiveCfg = Release|x64
		{66E1EC45-E3B3-420E-97CE-DEEB700C9A2E}.Release|x64.Build.0 = Release|x64
		{66E1EC45-E3B3-420E-97CE-DEEB700C9A2E}.Release|x86.ActiveCfg = Release|Win32
		{66E1EC45-E3B3-420E-97CE-DEEB700C9A2E}.Release|x86.Build.0 = Release|Win32
	EndGlobalSection
	GlobalSection(SolutionProperties) = preSolution
		HideSolutionNode = FALSE
	EndGlobalSection
EndGlobal
